
Microsoft Visual Studio Solution File, Format Version 12.00
# Visual Studio Version 17
VisualStudioVersion = 17.2.32526.322
MinimumVisualStudioVersion = 10.0.40219.1
Project("{FAE04EC0-301F-11D3-BF4B-00C04F79EFBC}") = "WinFormsApp3", "WinFormsApp3.csproj", "{C03638D2-54C5-4185-B635-99CBBAF5A219}"
EndProject
Global
	GlobalSection(SolutionConfigurationPlatforms) = preSolution
		Debug|Any CPU = Debug|Any CPU
		Release|Any CPU = Release|Any CPU
	EndGlobalSection
	GlobalSection(ProjectConfigurationPlatforms) = postSolution
		{C03638D2-54C5-4185-B635-99CBBAF5A219}.Debug|Any CPU.ActiveCfg = Debug|Any CPU
		{C03638D2-54C5-4185-B635-99CBBAF5A219}.Debug|Any CPU.Build.0 = Debug|Any CPU
		{C03638D2-54C5-4185-B635-99CBBAF5A219}.Release|Any CPU.ActiveCfg = Release|Any CPU
		{C03638D2-54C5-4185-B635-99CBBAF5A219}.Release|Any CPU.Build.0 = Release|Any CPU
	EndGlobalSection
	GlobalSection(SolutionProperties) = preSolution
		HideSolutionNode = FALSE
	EndGlobalSection
	GlobalSection(ExtensibilityGlobals) = postSolution
		SolutionGuid = {8982CEEE-C3D8-4950-8088-0DDC10456CBA}
	EndGlobalSection
EndGlobal
